<?xml version="1.0" encoding="utf-8"?>
<Project ToolsVersion="4.0" xmlns="http://schemas.microsoft.com/developer/msbuild/2003">
  <ItemGroup>
    <Filter Include="Source Files">
      <UniqueIdentifier>{4FC737F1-C7A5-4376-A066-2A32D752A2FF}</UniqueIdentifier>
      <Extensions>cpp;c;cc;cxx;c++;cppm;ixx;def;odl;idl;hpj;bat;asm;asmx</Extensions>
    </Filter>
    <Filter Include="Header Files">
      <UniqueIdentifier>{93995380-89BD-4b04-88EB-625FBE52EBFB}</UniqueIdentifier>
      <Extensions>h;hh;hpp;hxx;h++;hm;inl;inc;ipp;xsd</Extensions>
    </Filter>
    <Filter Include="Resource Files">
      <UniqueIdentifier>{67DA6AB6-F800-4c08-8B7A-83BB121AAD01}</UniqueIdentifier>
      <Extensions>rc;ico;cur;bmp;dlg;rc2;rct;bin;rgs;gif;jpg;jpeg;jpe;resx;tiff;tif;png;wav;mfcribbon-ms</Extensions>
    </Filter>
  </ItemGroup>
  <ItemGroup>
    <ClCompile Include="NetherNet.cpp">
      <Filter>Source Files</Filter>
    </ClCompile>
    <ClCompile Include="NetherNet\encryption\AesContext.cpp">
      <Filter>Source Files</Filter>
    </ClCompile>
    <ClCompile Include="NetherNet\connection\NetworkSession.cpp">
      <Filter>Source Files</Filter>
    </ClCompile>
    <ClCompile Include="NetherNet\HNetherNet.cpp">
      <Filter>Source Files</Filter>
    </ClCompile>
    <ClCompile Include="NetherNet\encryption\OpenSSLInterface.cpp">
      <Filter>Source Files</Filter>
    </ClCompile>
    <ClCompile Include="NetherNet\connection\SimpleNetworkInterfaceImpl.cpp">
      <Filter>Source Files</Filter>
    </ClCompile>
    <ClCompile Include="NetherNet\threadding\RtcThreadManager.cpp">
      <Filter>Source Files</Filter>
    </ClCompile>
    <ClCompile Include="NetherNet\threadding\LanThreadManager.cpp">
      <Filter>Source Files</Filter>
    </ClCompile>
    <ClCompile Include="NetherNet\encryption\OpenSSLAesAdapter.cpp">
      <Filter>Source Files</Filter>
    </ClCompile>
    <ClCompile Include="NetherNet\network\NetworkSessionManager.cpp">
      <Filter>Source Files</Filter>
    </ClCompile>
    <ClCompile Include="NetherNet\network\signaling\ConnectError.cpp">
      <Filter>Source Files</Filter>
    </ClCompile>
    <ClCompile Include="NetherNet\network\signaling\ConnectResponse.cpp">
      <Filter>Source Files</Filter>
    </ClCompile>
    <ClCompile Include="NetherNet\network\signaling\CandidateAdd.cpp">
      <Filter>Source Files</Filter>
    </ClCompile>
    <ClCompile Include="NetherNet\network\tasks\parse_config.cpp">
      <Filter>Source Files</Filter>
    </ClCompile>
  </ItemGroup>
  <ItemGroup>
    <ClInclude Include="NetherNet\encryption\AesContext.hpp">
      <Filter>Header Files</Filter>
    </ClInclude>
    <ClInclude Include="NetherNet\types\Errors.hpp">
      <Filter>Header Files</Filter>
    </ClInclude>
    <ClInclude Include="NetherNet\types\Strings.hpp">
      <Filter>Header Files</Filter>
    </ClInclude>
    <ClInclude Include="NetherNet\connection\NetworkSession.hpp">
      <Filter>Header Files</Filter>
    </ClInclude>
    <ClInclude Include="NetherNet\network\NetworkID.hpp">
      <Filter>Header Files</Filter>
    </ClInclude>
    <ClInclude Include="NetherNet\connection\SimpleNetworkInterfaceImpl.hpp">
      <Filter>Header Files</Filter>
    </ClInclude>
    <ClInclude Include="NetherNet\HNetherNet.hpp">
      <Filter>Header Files</Filter>
    </ClInclude>
    <ClInclude Include="NetherNet\encryption\OpenSSLInterface.hpp">
      <Filter>Header Files</Filter>
    </ClInclude>
    <ClInclude Include="NetherNet\threadding\RtcThreadManager.hpp">
      <Filter>Header Files</Filter>
    </ClInclude>
    <ClInclude Include="NetherNet\threadding\LanThreadManager.hpp">
      <Filter>Header Files</Filter>
    </ClInclude>
    <ClInclude Include="NetherNet\encryption\OpenSSLAesAdapter.hpp">
      <Filter>Header Files</Filter>
    </ClInclude>
    <ClInclude Include="NetherNet\network\NetworkSessionManager.hpp">
      <Filter>Header Files</Filter>
    </ClInclude>
    <ClInclude Include="NetherNet\network\packets\DiscoveryMessagePacket.hpp">
      <Filter>Header Files</Filter>
    </ClInclude>
    <ClInclude Include="NetherNet\network\packets\DiscoveryPacket.hpp">
      <Filter>Header Files</Filter>
    </ClInclude>
    <ClInclude Include="NetherNet\network\packets\DiscoveryPacketHeader.hpp">
      <Filter>Header Files</Filter>
    </ClInclude>
    <ClInclude Include="NetherNet\network\packets\DiscoveryRequestPacket.hpp">
      <Filter>Header Files</Filter>
    </ClInclude>
    <ClInclude Include="NetherNet\network\packets\DiscoveryResponsePacket.hpp">
      <Filter>Header Files</Filter>
    </ClInclude>
    <ClInclude Include="NetherNet\network\packets\DiscoveryPacketType.hpp">
      <Filter>Header Files</Filter>
    </ClInclude>
    <ClInclude Include="NetherNet\network\SignalingChannelId.hpp">
      <Filter>Header Files</Filter>
    </ClInclude>
    <ClInclude Include="NetherNet\network\packets\ESessionError.hpp">
      <Filter>Header Files</Filter>
    </ClInclude>
    <ClInclude Include="NetherNet\network\signaling\ConnectRequest.hpp">
      <Filter>Header Files</Filter>
    </ClInclude>
    <ClInclude Include="NetherNet\network\signaling\ConnectResponse.hpp">
      <Filter>Header Files</Filter>
    </ClInclude>
    <ClInclude Include="NetherNet\network\signaling\ConnectError.hpp">
      <Filter>Header Files</Filter>
    </ClInclude>
    <ClInclude Include="NetherNet\network\signaling\CandidateAdd.hpp">
      <Filter>Header Files</Filter>
    </ClInclude>
    <ClInclude Include="NetherNet\connection\NetherNetTransportServerConfiguration.hpp">
      <Filter>Header Files</Filter>
    </ClInclude>
    <ClInclude Include="NetherNet\encryption\AesAdapter.hpp">
      <Filter>Header Files</Filter>
    </ClInclude>
    <ClInclude Include="NetherNet\network\tasks\parse_config.hpp">
      <Filter>Header Files</Filter>
    </ClInclude>
    <ClInclude Include="NetherNet\connection\INetherNetTransportInterfaceCallbacks.hpp">
      <Filter>Header Files</Filter>
    </ClInclude>
  </ItemGroup>
</Project>